
Microsoft Visual Studio Solution File, Format Version 12.00
# Visual Studio Version 16
VisualStudioVersion = 16.0.29215.179
MinimumVisualStudioVersion = 10.0.40219.1
Project("{FAE04EC0-301F-11D3-BF4B-00C04F79EFBC}") = "WSR_BONCH", "WSR_BONCH\WSR_BONCH.csproj", "{3A08E3D4-A526-451A-859B-2C805BC42DCD}"
EndProject
Global
	GlobalSection(SolutionConfigurationPlatforms) = preSolution
		Debug|Any CPU = Debug|Any CPU
		Release|Any CPU = Release|Any CPU
	EndGlobalSection
	GlobalSection(ProjectConfigurationPlatforms) = postSolution
		{3A08E3D4-A526-451A-859B-2C805BC42DCD}.Debug|Any CPU.ActiveCfg = Debug|Any CPU
		{3A08E3D4-A526-451A-859B-2C805BC42DCD}.Debug|Any CPU.Build.0 = Debug|Any CPU
		{3A08E3D4-A526-451A-859B-2C805BC42DCD}.Release|Any CPU.ActiveCfg = Release|Any CPU
		{3A08E3D4-A526-451A-859B-2C805BC42DCD}.Release|Any CPU.Build.0 = Release|Any CPU
	EndGlobalSection
	GlobalSection(SolutionProperties) = preSolution
		HideSolutionNode = FALSE
	EndGlobalSection
	GlobalSection(ExtensibilityGlobals) = postSolution
		SolutionGuid = {BD3D389F-4120-4B27-AD9C-97D3385F3830}
	EndGlobalSection
EndGlobal
